
Microsoft Visual Studio Solution File, Format Version 12.00
# Visual Studio Version 17
VisualStudioVersion = 17.10.35013.160
MinimumVisualStudioVersion = 10.0.40219.1
Project("{FAE04EC0-301F-11D3-BF4B-00C04F79EFBC}") = "WebForm-SignalR.Client", "WebForm-SignalR.Client\WebForm-SignalR.Client.csproj", "{B0E4826F-9BC6-4CDB-A45A-5BCB85F95F31}"
EndProject
Global
	GlobalSection(SolutionConfigurationPlatforms) = preSolution
		Debug|Any CPU = Debug|Any CPU
		Release|Any CPU = Release|Any CPU
	EndGlobalSection
	GlobalSection(ProjectConfigurationPlatforms) = postSolution
		{B0E4826F-9BC6-4CDB-A45A-5BCB85F95F31}.Debug|Any CPU.ActiveCfg = Debug|Any CPU
		{B0E4826F-9BC6-4CDB-A45A-5BCB85F95F31}.Debug|Any CPU.Build.0 = Debug|Any CPU
		{B0E4826F-9BC6-4CDB-A45A-5BCB85F95F31}.Release|Any CPU.ActiveCfg = Release|Any CPU
		{B0E4826F-9BC6-4CDB-A45A-5BCB85F95F31}.Release|Any CPU.Build.0 = Release|Any CPU
	EndGlobalSection
	GlobalSection(SolutionProperties) = preSolution
		HideSolutionNode = FALSE
	EndGlobalSection
	GlobalSection(ExtensibilityGlobals) = postSolution
		SolutionGuid = {7D52E42A-8464-4F9F-BC09-0089A0D3F546}
	EndGlobalSection
EndGlobal
